# THIS IS AN AUTOGENERATED FILE. DO NOT EDIT THIS FILE DIRECTLY.
# yarn lockfile v1


csv-generate@^4.3.0:
  version "4.3.0"
  resolved "https://registry.yarnpkg.com/csv-generate/-/csv-generate-4.3.0.tgz#e9004172ab1995815580f2253d8fc1bbd43a5d1f"
  integrity sha512-7KdVId/2RgwPIKfWHaHtjBq7I9mgdi8ICzsUyIhP8is6UwpwVGGSC/aPnrZ8/SkgBcCP20lXrdPuP64Irs1VBg==

csv-parse@^5.5.2:
  version "5.5.2"
  resolved "https://registry.yarnpkg.com/csv-parse/-/csv-parse-5.5.2.tgz#ab525e642093dccff7c5cca5c7b71fd3e99fe8f2"
  integrity sha512-YRVtvdtUNXZCMyK5zd5Wty1W6dNTpGKdqQd4EQ8tl/c6KW1aMBB1Kg1ppky5FONKmEqGJ/8WjLlTNLPne4ioVA==
